
Microsoft Visual Studio Solution File, Format Version 12.00
# Visual Studio 15
VisualStudioVersion = 15.0.27428.2043
MinimumVisualStudioVersion = 10.0.40219.1
Project("{FAE04EC0-301F-11D3-BF4B-00C04F79EFBC}") = "MediatorExample", "MediatorExample.csproj", "{AC474CD7-7951-4798-AAB4-CB94D674DCF2}"
EndProject
Global
	GlobalSection(SolutionConfigurationPlatforms) = preSolution
		Debug|Any CPU = Debug|Any CPU
		Release|Any CPU = Release|Any CPU
	EndGlobalSection
	GlobalSection(ProjectConfigurationPlatforms) = postSolution
		{AC474CD7-7951-4798-AAB4-CB94D674DCF2}.Debug|Any CPU.ActiveCfg = Debug|Any CPU
		{AC474CD7-7951-4798-AAB4-CB94D674DCF2}.Debug|Any CPU.Build.0 = Debug|Any CPU
		{AC474CD7-7951-4798-AAB4-CB94D674DCF2}.Release|Any CPU.ActiveCfg = Release|Any CPU
		{AC474CD7-7951-4798-AAB4-CB94D674DCF2}.Release|Any CPU.Build.0 = Release|Any CPU
	EndGlobalSection
	GlobalSection(SolutionProperties) = preSolution
		HideSolutionNode = FALSE
	EndGlobalSection
	GlobalSection(ExtensibilityGlobals) = postSolution
		SolutionGuid = {F1AF2B81-0E2B-4148-BECA-AC64C79BFCD1}
	EndGlobalSection
EndGlobal
